
Microsoft Visual Studio Solution File, Format Version 12.00
# Visual Studio 2012
Project("{2150E333-8FDC-42A3-9474-1A3956D46DE8}") = "Api", "Api", "{E69311B0-9689-4A85-8AC7-163BF4FBF815}"
EndProject
Project("{FAE04EC0-301F-11D3-BF4B-00C04F79EFBC}") = "MovieFeeler.WebApi", "MovieFeeler.WebApi\MovieFeeler.WebApi.csproj", "{72111BC8-7D81-4C4F-8515-90ACCC2D8D18}"
EndProject
Project("{2150E333-8FDC-42A3-9474-1A3956D46DE8}") = "CommonPackages", "CommonPackages", "{6B42A1DB-F426-4EA0-9158-C19F6AA9EE30}"
EndProject
Project("{FAE04EC0-301F-11D3-BF4B-00C04F79EFBC}") = "MovieFeeler.Common", "MovieFeeler.Common\MovieFeeler.Common.csproj", "{C7646FAA-1EB1-4C80-84AD-0385F2F72E73}"
EndProject
Project("{2150E333-8FDC-42A3-9474-1A3956D46DE8}") = "RestFramework", "RestFramework", "{C5D60B16-EFC5-4A81-8FD7-429510E661F4}"
EndProject
Project("{FAE04EC0-301F-11D3-BF4B-00C04F79EFBC}") = "MovieFeeler.Rest.Client", "MovieFeeler.Rest.Client\MovieFeeler.Rest.Client.csproj", "{8F9478D2-035A-4B3E-A844-63F85F1BF8A6}"
EndProject
Project("{2150E333-8FDC-42A3-9474-1A3956D46DE8}") = "Managers", "Managers", "{95BECDF7-A89B-484A-8072-5A69ABD44D86}"
EndProject
Project("{FAE04EC0-301F-11D3-BF4B-00C04F79EFBC}") = "MovieFeeler.DTO", "MovieFeeler.DTO\MovieFeeler.DTO.csproj", "{4267CDDA-B424-4D04-B4D4-C7A595FE4096}"
EndProject
Project("{FAE04EC0-301F-11D3-BF4B-00C04F79EFBC}") = "MovieFeeler.Web", "MovieFeeler.Web\MovieFeeler.Web.csproj", "{F004B741-D45C-427C-9AC1-2E9658B37F02}"
EndProject
Project("{FAE04EC0-301F-11D3-BF4B-00C04F79EFBC}") = "MvcPaging", "MvcPaging\MvcPaging.csproj", "{AAF30968-1118-4937-B392-E9863EA8D76D}"
EndProject
Project("{2150E333-8FDC-42A3-9474-1A3956D46DE8}") = "DAO", "DAO", "{EEE4BC37-147C-4E15-A7D2-6A1D67669C51}"
EndProject
Project("{FAE04EC0-301F-11D3-BF4B-00C04F79EFBC}") = "MovieFeeler.DAO", "MovieFeeler.DAO\MovieFeeler.DAO.csproj", "{C4FFE370-F7D9-4BCE-B6BE-3194A82F3886}"
EndProject
Project("{FAE04EC0-301F-11D3-BF4B-00C04F79EFBC}") = "MovieFeeler.Manager", "MovieFeeler.Manager\MovieFeeler.Manager.csproj", "{399CED60-9869-4776-B04D-9244151FB9A4}"
EndProject
Project("{2150E333-8FDC-42A3-9474-1A3956D46DE8}") = "Models", "Models", "{94EFB574-5F2C-471E-A67B-B41F2BE37D0C}"
EndProject
Project("{FAE04EC0-301F-11D3-BF4B-00C04F79EFBC}") = "MovieFeeler.Model", "MovieFeeler.Models\MovieFeeler.Model.csproj", "{654EB5E6-56E6-4B1D-ACEB-FA6E8957EC3B}"
EndProject
Global
	GlobalSection(SolutionConfigurationPlatforms) = preSolution
		Debug|Any CPU = Debug|Any CPU
		Release|Any CPU = Release|Any CPU
	EndGlobalSection
	GlobalSection(ProjectConfigurationPlatforms) = postSolution
		{72111BC8-7D81-4C4F-8515-90ACCC2D8D18}.Debug|Any CPU.ActiveCfg = Debug|Any CPU
		{72111BC8-7D81-4C4F-8515-90ACCC2D8D18}.Debug|Any CPU.Build.0 = Debug|Any CPU
		{72111BC8-7D81-4C4F-8515-90ACCC2D8D18}.Release|Any CPU.ActiveCfg = Release|Any CPU
		{72111BC8-7D81-4C4F-8515-90ACCC2D8D18}.Release|Any CPU.Build.0 = Release|Any CPU
		{C7646FAA-1EB1-4C80-84AD-0385F2F72E73}.Debug|Any CPU.ActiveCfg = Debug|Any CPU
		{C7646FAA-1EB1-4C80-84AD-0385F2F72E73}.Debug|Any CPU.Build.0 = Debug|Any CPU
		{C7646FAA-1EB1-4C80-84AD-0385F2F72E73}.Release|Any CPU.ActiveCfg = Release|Any CPU
		{C7646FAA-1EB1-4C80-84AD-0385F2F72E73}.Release|Any CPU.Build.0 = Release|Any CPU
		{8F9478D2-035A-4B3E-A844-63F85F1BF8A6}.Debug|Any CPU.ActiveCfg = Debug|Any CPU
		{8F9478D2-035A-4B3E-A844-63F85F1BF8A6}.Debug|Any CPU.Build.0 = Debug|Any CPU
		{8F9478D2-035A-4B3E-A844-63F85F1BF8A6}.Release|Any CPU.ActiveCfg = Release|Any CPU
		{8F9478D2-035A-4B3E-A844-63F85F1BF8A6}.Release|Any CPU.Build.0 = Release|Any CPU
		{4267CDDA-B424-4D04-B4D4-C7A595FE4096}.Debug|Any CPU.ActiveCfg = Debug|Any CPU
		{4267CDDA-B424-4D04-B4D4-C7A595FE4096}.Debug|Any CPU.Build.0 = Debug|Any CPU
		{4267CDDA-B424-4D04-B4D4-C7A595FE4096}.Release|Any CPU.ActiveCfg = Release|Any CPU
		{4267CDDA-B424-4D04-B4D4-C7A595FE4096}.Release|Any CPU.Build.0 = Release|Any CPU
		{F004B741-D45C-427C-9AC1-2E9658B37F02}.Debug|Any CPU.ActiveCfg = Debug|Any CPU
		{F004B741-D45C-427C-9AC1-2E9658B37F02}.Debug|Any CPU.Build.0 = Debug|Any CPU
		{F004B741-D45C-427C-9AC1-2E9658B37F02}.Release|Any CPU.ActiveCfg = Release|Any CPU
		{F004B741-D45C-427C-9AC1-2E9658B37F02}.Release|Any CPU.Build.0 = Release|Any CPU
		{AAF30968-1118-4937-B392-E9863EA8D76D}.Debug|Any CPU.ActiveCfg = Debug|Any CPU
		{AAF30968-1118-4937-B392-E9863EA8D76D}.Debug|Any CPU.Build.0 = Debug|Any CPU
		{AAF30968-1118-4937-B392-E9863EA8D76D}.Release|Any CPU.ActiveCfg = Release|Any CPU
		{AAF30968-1118-4937-B392-E9863EA8D76D}.Release|Any CPU.Build.0 = Release|Any CPU
		{C4FFE370-F7D9-4BCE-B6BE-3194A82F3886}.Debug|Any CPU.ActiveCfg = Debug|Any CPU
		{C4FFE370-F7D9-4BCE-B6BE-3194A82F3886}.Debug|Any CPU.Build.0 = Debug|Any CPU
		{C4FFE370-F7D9-4BCE-B6BE-3194A82F3886}.Release|Any CPU.ActiveCfg = Release|Any CPU
		{C4FFE370-F7D9-4BCE-B6BE-3194A82F3886}.Release|Any CPU.Build.0 = Release|Any CPU
		{399CED60-9869-4776-B04D-9244151FB9A4}.Debug|Any CPU.ActiveCfg = Debug|Any CPU
		{399CED60-9869-4776-B04D-9244151FB9A4}.Debug|Any CPU.Build.0 = Debug|Any CPU
		{399CED60-9869-4776-B04D-9244151FB9A4}.Release|Any CPU.ActiveCfg = Release|Any CPU
		{399CED60-9869-4776-B04D-9244151FB9A4}.Release|Any CPU.Build.0 = Release|Any CPU
		{654EB5E6-56E6-4B1D-ACEB-FA6E8957EC3B}.Debug|Any CPU.ActiveCfg = Debug|Any CPU
		{654EB5E6-56E6-4B1D-ACEB-FA6E8957EC3B}.Debug|Any CPU.Build.0 = Debug|Any CPU
		{654EB5E6-56E6-4B1D-ACEB-FA6E8957EC3B}.Release|Any CPU.ActiveCfg = Release|Any CPU
		{654EB5E6-56E6-4B1D-ACEB-FA6E8957EC3B}.Release|Any CPU.Build.0 = Release|Any CPU
	EndGlobalSection
	GlobalSection(SolutionProperties) = preSolution
		HideSolutionNode = FALSE
	EndGlobalSection
	GlobalSection(NestedProjects) = preSolution
		{72111BC8-7D81-4C4F-8515-90ACCC2D8D18} = {E69311B0-9689-4A85-8AC7-163BF4FBF815}
		{F004B741-D45C-427C-9AC1-2E9658B37F02} = {E69311B0-9689-4A85-8AC7-163BF4FBF815}
		{AAF30968-1118-4937-B392-E9863EA8D76D} = {E69311B0-9689-4A85-8AC7-163BF4FBF815}
		{C7646FAA-1EB1-4C80-84AD-0385F2F72E73} = {6B42A1DB-F426-4EA0-9158-C19F6AA9EE30}
		{8F9478D2-035A-4B3E-A844-63F85F1BF8A6} = {C5D60B16-EFC5-4A81-8FD7-429510E661F4}
		{4267CDDA-B424-4D04-B4D4-C7A595FE4096} = {95BECDF7-A89B-484A-8072-5A69ABD44D86}
		{399CED60-9869-4776-B04D-9244151FB9A4} = {95BECDF7-A89B-484A-8072-5A69ABD44D86}
		{C4FFE370-F7D9-4BCE-B6BE-3194A82F3886} = {EEE4BC37-147C-4E15-A7D2-6A1D67669C51}
		{654EB5E6-56E6-4B1D-ACEB-FA6E8957EC3B} = {94EFB574-5F2C-471E-A67B-B41F2BE37D0C}
	EndGlobalSection
EndGlobal
